
Microsoft Visual Studio Solution File, Format Version 12.00
# Visual Studio Version 17
VisualStudioVersion = 17.5.002.0
MinimumVisualStudioVersion = 10.0.40219.1
Project("{9A19103F-16F7-4668-BE54-9A1E7A4F7556}") = "HospitalApi", "HospitalApi.csproj", "{480D2D64-558B-4C12-B05F-A032975BF907}"
EndProject
Global
	GlobalSection(SolutionConfigurationPlatforms) = preSolution
		Debug|Any CPU = Debug|Any CPU
		Release|Any CPU = Release|Any CPU
	EndGlobalSection
	GlobalSection(ProjectConfigurationPlatforms) = postSolution
		{480D2D64-558B-4C12-B05F-A032975BF907}.Debug|Any CPU.ActiveCfg = Debug|Any CPU
		{480D2D64-558B-4C12-B05F-A032975BF907}.Debug|Any CPU.Build.0 = Debug|Any CPU
		{480D2D64-558B-4C12-B05F-A032975BF907}.Release|Any CPU.ActiveCfg = Release|Any CPU
		{480D2D64-558B-4C12-B05F-A032975BF907}.Release|Any CPU.Build.0 = Release|Any CPU
	EndGlobalSection
	GlobalSection(SolutionProperties) = preSolution
		HideSolutionNode = FALSE
	EndGlobalSection
	GlobalSection(ExtensibilityGlobals) = postSolution
		SolutionGuid = {44335F3E-B958-4B3B-8123-D3845AB7B7FE}
	EndGlobalSection
EndGlobal
